
Microsoft Visual Studio Solution File, Format Version 12.00
# Visual Studio Version 16
VisualStudioVersion = 16.0.31515.178
MinimumVisualStudioVersion = 10.0.40219.1
Project("{FAE04EC0-301F-11D3-BF4B-00C04F79EFBC}") = "VL", "VL\VL.csproj", "{8B22BBB9-EB74-4484-B117-C48F926D88FE}"
EndProject
Global
	GlobalSection(SolutionConfigurationPlatforms) = preSolution
		Debug|Any CPU = Debug|Any CPU
		Release|Any CPU = Release|Any CPU
	EndGlobalSection
	GlobalSection(ProjectConfigurationPlatforms) = postSolution
		{8B22BBB9-EB74-4484-B117-C48F926D88FE}.Debug|Any CPU.ActiveCfg = Debug|Any CPU
		{8B22BBB9-EB74-4484-B117-C48F926D88FE}.Debug|Any CPU.Build.0 = Debug|Any CPU
		{8B22BBB9-EB74-4484-B117-C48F926D88FE}.Release|Any CPU.ActiveCfg = Release|Any CPU
		{8B22BBB9-EB74-4484-B117-C48F926D88FE}.Release|Any CPU.Build.0 = Release|Any CPU
	EndGlobalSection
	GlobalSection(SolutionProperties) = preSolution
		HideSolutionNode = FALSE
	EndGlobalSection
	GlobalSection(ExtensibilityGlobals) = postSolution
		SolutionGuid = {D0C574A7-2F0A-4539-B5BD-705800C76B34}
	EndGlobalSection
EndGlobal
